
Microsoft Visual Studio Solution File, Format Version 12.00
# Visual Studio Version 17
VisualStudioVersion = 17.4.33213.308
MinimumVisualStudioVersion = 10.0.40219.1
Project("{FAE04EC0-301F-11D3-BF4B-00C04F79EFBC}") = "Match Game", "Match Game\Match Game.csproj", "{E97FD123-B76F-4E3D-9070-41B422B1E9C1}"
EndProject
Global
	GlobalSection(SolutionConfigurationPlatforms) = preSolution
		Debug|Any CPU = Debug|Any CPU
		Release|Any CPU = Release|Any CPU
	EndGlobalSection
	GlobalSection(ProjectConfigurationPlatforms) = postSolution
		{E97FD123-B76F-4E3D-9070-41B422B1E9C1}.Debug|Any CPU.ActiveCfg = Debug|Any CPU
		{E97FD123-B76F-4E3D-9070-41B422B1E9C1}.Debug|Any CPU.Build.0 = Debug|Any CPU
		{E97FD123-B76F-4E3D-9070-41B422B1E9C1}.Release|Any CPU.ActiveCfg = Release|Any CPU
		{E97FD123-B76F-4E3D-9070-41B422B1E9C1}.Release|Any CPU.Build.0 = Release|Any CPU
	EndGlobalSection
	GlobalSection(SolutionProperties) = preSolution
		HideSolutionNode = FALSE
	EndGlobalSection
	GlobalSection(ExtensibilityGlobals) = postSolution
		SolutionGuid = {7FE88D13-D565-4A85-8D2F-339AC4975171}
	EndGlobalSection
EndGlobal
